// !$*UTF8*$!
{
	archiveVersion = 1;
	classes = {
	};
	objectVersion = 55;
	objects = {

/* Begin PBXBuildFile section */
		3126833A27C15ECA003F017B /* AppDelegate.swift in Sources */ = {isa = PBXBuildFile; fileRef = 3126833927C15ECA003F017B /* AppDelegate.swift */; };
		3126833C27C15ECA003F017B /* SceneDelegate.swift in Sources */ = {isa = PBXBuildFile; fileRef = 3126833B27C15ECA003F017B /* SceneDelegate.swift */; };
		3126833E27C15ECA003F017B /* ViewController.swift in Sources */ = {isa = PBXBuildFile; fileRef = 3126833D27C15ECA003F017B /* ViewController.swift */; };
		3126834627C15ECB003F017B /* LaunchScreen.storyboard in Resources */ = {isa = PBXBuildFile; fileRef = 3126834427C15ECB003F017B /* LaunchScreen.storyboard */; };
		797E9CA827E7799F00D1EB7B /* TreinoFinalizadoVC.xib in Resources */ = {isa = PBXBuildFile; fileRef = 797E9C9127E7799F00D1EB7B /* TreinoFinalizadoVC.xib */; };
		797E9CA927E7799F00D1EB7B /* TreinoFinalizadoVC.swift in Sources */ = {isa = PBXBuildFile; fileRef = 797E9C9227E7799F00D1EB7B /* TreinoFinalizadoVC.swift */; };
		797E9CAA27E7799F00D1EB7B /* TreinoCustomCell.xib in Resources */ = {isa = PBXBuildFile; fileRef = 797E9C9527E7799F00D1EB7B /* TreinoCustomCell.xib */; };
		797E9CAB27E7799F00D1EB7B /* TreinoCustomCell.swift in Sources */ = {isa = PBXBuildFile; fileRef = 797E9C9627E7799F00D1EB7B /* TreinoCustomCell.swift */; };
		797E9CAC27E7799F00D1EB7B /* TreinoListagemController.swift in Sources */ = {isa = PBXBuildFile; fileRef = 797E9C9727E7799F00D1EB7B /* TreinoListagemController.swift */; };
		797E9CAD27E7799F00D1EB7B /* TreinoListagemController.xib in Resources */ = {isa = PBXBuildFile; fileRef = 797E9C9827E7799F00D1EB7B /* TreinoListagemController.xib */; };
		797E9CAE27E7799F00D1EB7B /* TreinoIniciadoVC.xib in Resources */ = {isa = PBXBuildFile; fileRef = 797E9C9A27E7799F00D1EB7B /* TreinoIniciadoVC.xib */; };
		797E9CAF27E7799F00D1EB7B /* 01_Natarajasana.gif in Resources */ = {isa = PBXBuildFile; fileRef = 797E9C9C27E7799F00D1EB7B /* 01_Natarajasana.gif */; };
		797E9CB027E7799F00D1EB7B /* TreinoIniciadoVC.swift in Sources */ = {isa = PBXBuildFile; fileRef = 797E9C9D27E7799F00D1EB7B /* TreinoIniciadoVC.swift */; };
		797E9CB127E7799F00D1EB7B /* SairDoTreinoVC.xib in Resources */ = {isa = PBXBuildFile; fileRef = 797E9C9F27E7799F00D1EB7B /* SairDoTreinoVC.xib */; };
		797E9CB227E7799F00D1EB7B /* SairDoTreinoVC.swift in Sources */ = {isa = PBXBuildFile; fileRef = 797E9CA027E7799F00D1EB7B /* SairDoTreinoVC.swift */; };
		797E9CB427E7799F00D1EB7B /* TreinoUmController.swift in Sources */ = {isa = PBXBuildFile; fileRef = 797E9CA327E7799F00D1EB7B /* TreinoUmController.swift */; };
		797E9CB527E7799F00D1EB7B /* TreinoUmController.xib in Resources */ = {isa = PBXBuildFile; fileRef = 797E9CA427E7799F00D1EB7B /* TreinoUmController.xib */; };
		797E9CB627E7799F00D1EB7B /* TreinoPausadoVC.swift in Sources */ = {isa = PBXBuildFile; fileRef = 797E9CA627E7799F00D1EB7B /* TreinoPausadoVC.swift */; };
		797E9CB727E7799F00D1EB7B /* TreinoPausadoVC.xib in Resources */ = {isa = PBXBuildFile; fileRef = 797E9CA727E7799F00D1EB7B /* TreinoPausadoVC.xib */; };
		797E9CB927E779BC00D1EB7B /* Assets.xcassets in Resources */ = {isa = PBXBuildFile; fileRef = 797E9CB827E779BC00D1EB7B /* Assets.xcassets */; };
/* End PBXBuildFile section */

/* Begin PBXFileReference section */
		3126833627C15ECA003F017B /* YogaZone.app */ = {isa = PBXFileReference; explicitFileType = wrapper.application; includeInIndex = 0; path = YogaZone.app; sourceTree = BUILT_PRODUCTS_DIR; };
		3126833927C15ECA003F017B /* AppDelegate.swift */ = {isa = PBXFileReference; lastKnownFileType = sourcecode.swift; path = AppDelegate.swift; sourceTree = "<group>"; };
		3126833B27C15ECA003F017B /* SceneDelegate.swift */ = {isa = PBXFileReference; lastKnownFileType = sourcecode.swift; path = SceneDelegate.swift; sourceTree = "<group>"; };
		3126833D27C15ECA003F017B /* ViewController.swift */ = {isa = PBXFileReference; lastKnownFileType = sourcecode.swift; path = ViewController.swift; sourceTree = "<group>"; };
		3126834527C15ECB003F017B /* Base */ = {isa = PBXFileReference; lastKnownFileType = file.storyboard; name = Base; path = Base.lproj/LaunchScreen.storyboard; sourceTree = "<group>"; };
		3126834727C15ECB003F017B /* Info.plist */ = {isa = PBXFileReference; lastKnownFileType = text.plist.xml; path = Info.plist; sourceTree = "<group>"; };
		797E9C9127E7799F00D1EB7B /* TreinoFinalizadoVC.xib */ = {isa = PBXFileReference; fileEncoding = 4; lastKnownFileType = file.xib; path = TreinoFinalizadoVC.xib; sourceTree = "<group>"; };
		797E9C9227E7799F00D1EB7B /* TreinoFinalizadoVC.swift */ = {isa = PBXFileReference; fileEncoding = 4; lastKnownFileType = sourcecode.swift; path = TreinoFinalizadoVC.swift; sourceTree = "<group>"; };
		797E9C9527E7799F00D1EB7B /* TreinoCustomCell.xib */ = {isa = PBXFileReference; fileEncoding = 4; lastKnownFileType = file.xib; path = TreinoCustomCell.xib; sourceTree = "<group>"; };
		797E9C9627E7799F00D1EB7B /* TreinoCustomCell.swift */ = {isa = PBXFileReference; fileEncoding = 4; lastKnownFileType = sourcecode.swift; path = TreinoCustomCell.swift; sourceTree = "<group>"; };
		797E9C9727E7799F00D1EB7B /* TreinoListagemController.swift */ = {isa = PBXFileReference; fileEncoding = 4; lastKnownFileType = sourcecode.swift; path = TreinoListagemController.swift; sourceTree = "<group>"; };
		797E9C9827E7799F00D1EB7B /* TreinoListagemController.xib */ = {isa = PBXFileReference; fileEncoding = 4; lastKnownFileType = file.xib; path = TreinoListagemController.xib; sourceTree = "<group>"; };
		797E9C9A27E7799F00D1EB7B /* TreinoIniciadoVC.xib */ = {isa = PBXFileReference; fileEncoding = 4; lastKnownFileType = file.xib; path = TreinoIniciadoVC.xib; sourceTree = "<group>"; };
		797E9C9C27E7799F00D1EB7B /* 01_Natarajasana.gif */ = {isa = PBXFileReference; lastKnownFileType = image.gif; path = 01_Natarajasana.gif; sourceTree = "<group>"; };
		797E9C9D27E7799F00D1EB7B /* TreinoIniciadoVC.swift */ = {isa = PBXFileReference; fileEncoding = 4; lastKnownFileType = sourcecode.swift; path = TreinoIniciadoVC.swift; sourceTree = "<group>"; };
		797E9C9F27E7799F00D1EB7B /* SairDoTreinoVC.xib */ = {isa = PBXFileReference; fileEncoding = 4; lastKnownFileType = file.xib; path = SairDoTreinoVC.xib; sourceTree = "<group>"; };
		797E9CA027E7799F00D1EB7B /* SairDoTreinoVC.swift */ = {isa = PBXFileReference; fileEncoding = 4; lastKnownFileType = sourcecode.swift; path = SairDoTreinoVC.swift; sourceTree = "<group>"; };
		797E9CA327E7799F00D1EB7B /* TreinoUmController.swift */ = {isa = PBXFileReference; fileEncoding = 4; lastKnownFileType = sourcecode.swift; path = TreinoUmController.swift; sourceTree = "<group>"; };
		797E9CA427E7799F00D1EB7B /* TreinoUmController.xib */ = {isa = PBXFileReference; fileEncoding = 4; lastKnownFileType = file.xib; path = TreinoUmController.xib; sourceTree = "<group>"; };
		797E9CA627E7799F00D1EB7B /* TreinoPausadoVC.swift */ = {isa = PBXFileReference; fileEncoding = 4; lastKnownFileType = sourcecode.swift; path = TreinoPausadoVC.swift; sourceTree = "<group>"; };
		797E9CA727E7799F00D1EB7B /* TreinoPausadoVC.xib */ = {isa = PBXFileReference; fileEncoding = 4; lastKnownFileType = file.xib; path = TreinoPausadoVC.xib; sourceTree = "<group>"; };
		797E9CB827E779BC00D1EB7B /* Assets.xcassets */ = {isa = PBXFileReference; lastKnownFileType = folder.assetcatalog; path = Assets.xcassets; sourceTree = "<group>"; };
/* End PBXFileReference section */

/* Begin PBXFrameworksBuildPhase section */
		3126833327C15ECA003F017B /* Frameworks */ = {
			isa = PBXFrameworksBuildPhase;
			buildActionMask = 2147483647;
			files = (
			);
			runOnlyForDeploymentPostprocessing = 0;
		};
/* End PBXFrameworksBuildPhase section */

/* Begin PBXGroup section */
		3126832D27C15ECA003F017B = {
			isa = PBXGroup;
			children = (
				3126833827C15ECA003F017B /* YogaZone */,
				3126833727C15ECA003F017B /* Products */,
			);
			sourceTree = "<group>";
		};
		3126833727C15ECA003F017B /* Products */ = {
			isa = PBXGroup;
			children = (
				3126833627C15ECA003F017B /* YogaZone.app */,
			);
			name = Products;
			sourceTree = "<group>";
		};
		3126833827C15ECA003F017B /* YogaZone */ = {
			isa = PBXGroup;
			children = (
				797E9C8F27E7799F00D1EB7B /* Exercicios */,
				3126833927C15ECA003F017B /* AppDelegate.swift */,
				3126833B27C15ECA003F017B /* SceneDelegate.swift */,
				3126833D27C15ECA003F017B /* ViewController.swift */,
				3126834427C15ECB003F017B /* LaunchScreen.storyboard */,
				797E9CB827E779BC00D1EB7B /* Assets.xcassets */,
				3126834727C15ECB003F017B /* Info.plist */,
			);
			path = YogaZone;
			sourceTree = "<group>";
		};
		797E9C8F27E7799F00D1EB7B /* Exercicios */ = {
			isa = PBXGroup;
			children = (
				797E9C9027E7799F00D1EB7B /* TreinoFinalizado */,
				797E9C9327E7799F00D1EB7B /* TreinoListagem */,
				797E9C9927E7799F00D1EB7B /* TreinoIniciado */,
				797E9C9E27E7799F00D1EB7B /* TreinoModalSair */,
				797E9CA127E7799F00D1EB7B /* TreinoUm */,
				797E9CA527E7799F00D1EB7B /* TreinoPausado */,
			);
			path = Exercicios;
			sourceTree = "<group>";
		};
		797E9C9027E7799F00D1EB7B /* TreinoFinalizado */ = {
			isa = PBXGroup;
			children = (
				797E9C9127E7799F00D1EB7B /* TreinoFinalizadoVC.xib */,
				797E9C9227E7799F00D1EB7B /* TreinoFinalizadoVC.swift */,
			);
			path = TreinoFinalizado;
			sourceTree = "<group>";
		};
		797E9C9327E7799F00D1EB7B /* TreinoListagem */ = {
			isa = PBXGroup;
			children = (
				797E9C9427E7799F00D1EB7B /* TreinoListagemCell */,
				797E9C9727E7799F00D1EB7B /* TreinoListagemController.swift */,
				797E9C9827E7799F00D1EB7B /* TreinoListagemController.xib */,
			);
			path = TreinoListagem;
			sourceTree = "<group>";
		};
		797E9C9427E7799F00D1EB7B /* TreinoListagemCell */ = {
			isa = PBXGroup;
			children = (
				797E9C9527E7799F00D1EB7B /* TreinoCustomCell.xib */,
				797E9C9627E7799F00D1EB7B /* TreinoCustomCell.swift */,
			);
			path = TreinoListagemCell;
			sourceTree = "<group>";
		};
		797E9C9927E7799F00D1EB7B /* TreinoIniciado */ = {
			isa = PBXGroup;
			children = (
				797E9C9A27E7799F00D1EB7B /* TreinoIniciadoVC.xib */,
				797E9C9B27E7799F00D1EB7B /* Gifs */,
				797E9C9D27E7799F00D1EB7B /* TreinoIniciadoVC.swift */,
			);
			path = TreinoIniciado;
			sourceTree = "<group>";
		};
		797E9C9B27E7799F00D1EB7B /* Gifs */ = {
			isa = PBXGroup;
			children = (
				797E9C9C27E7799F00D1EB7B /* 01_Natarajasana.gif */,
			);
			path = Gifs;
			sourceTree = "<group>";
		};
		797E9C9E27E7799F00D1EB7B /* TreinoModalSair */ = {
			isa = PBXGroup;
			children = (
				797E9C9F27E7799F00D1EB7B /* SairDoTreinoVC.xib */,
				797E9CA027E7799F00D1EB7B /* SairDoTreinoVC.swift */,
			);
			path = TreinoModalSair;
			sourceTree = "<group>";
		};
		797E9CA127E7799F00D1EB7B /* TreinoUm */ = {
			isa = PBXGroup;
			children = (
				797E9CA327E7799F00D1EB7B /* TreinoUmController.swift */,
				797E9CA427E7799F00D1EB7B /* TreinoUmController.xib */,
			);
			path = TreinoUm;
			sourceTree = "<group>";
		};
		797E9CA527E7799F00D1EB7B /* TreinoPausado */ = {
			isa = PBXGroup;
			children = (
				797E9CA627E7799F00D1EB7B /* TreinoPausadoVC.swift */,
				797E9CA727E7799F00D1EB7B /* TreinoPausadoVC.xib */,
			);
			path = TreinoPausado;
			sourceTree = "<group>";
		};
/* End PBXGroup section */

/* Begin PBXNativeTarget section */
		3126833527C15ECA003F017B /* YogaZone */ = {
			isa = PBXNativeTarget;
			buildConfigurationList = 3126834A27C15ECB003F017B /* Build configuration list for PBXNativeTarget "YogaZone" */;
			buildPhases = (
				3126833227C15ECA003F017B /* Sources */,
				3126833327C15ECA003F017B /* Frameworks */,
				3126833427C15ECA003F017B /* Resources */,
			);
			buildRules = (
			);
			dependencies = (
			);
			name = YogaZone;
			productName = YogaZone;
			productReference = 3126833627C15ECA003F017B /* YogaZone.app */;
			productType = "com.apple.product-type.application";
		};
/* End PBXNativeTarget section */

/* Begin PBXProject section */
		3126832E27C15ECA003F017B /* Project object */ = {
			isa = PBXProject;
			attributes = {
				BuildIndependentTargetsInParallel = 1;
				LastSwiftUpdateCheck = 1320;
				LastUpgradeCheck = 1320;
				TargetAttributes = {
					3126833527C15ECA003F017B = {
						CreatedOnToolsVersion = 13.2.1;
					};
				};
			};
			buildConfigurationList = 3126833127C15ECA003F017B /* Build configuration list for PBXProject "YogaZone" */;
			compatibilityVersion = "Xcode 13.0";
			developmentRegion = en;
			hasScannedForEncodings = 0;
			knownRegions = (
				en,
				Base,
			);
			mainGroup = 3126832D27C15ECA003F017B;
			productRefGroup = 3126833727C15ECA003F017B /* Products */;
			projectDirPath = "";
			projectRoot = "";
			targets = (
				3126833527C15ECA003F017B /* YogaZone */,
			);
		};
/* End PBXProject section */

/* Begin PBXResourcesBuildPhase section */
		3126833427C15ECA003F017B /* Resources */ = {
			isa = PBXResourcesBuildPhase;
			buildActionMask = 2147483647;
			files = (
				3126834627C15ECB003F017B /* LaunchScreen.storyboard in Resources */,
				797E9CB727E7799F00D1EB7B /* TreinoPausadoVC.xib in Resources */,
				797E9CAA27E7799F00D1EB7B /* TreinoCustomCell.xib in Resources */,
				797E9CB527E7799F00D1EB7B /* TreinoUmController.xib in Resources */,
				797E9CB927E779BC00D1EB7B /* Assets.xcassets in Resources */,
				797E9CAF27E7799F00D1EB7B /* 01_Natarajasana.gif in Resources */,
				797E9CAD27E7799F00D1EB7B /* TreinoListagemController.xib in Resources */,
				797E9CA827E7799F00D1EB7B /* TreinoFinalizadoVC.xib in Resources */,
				797E9CAE27E7799F00D1EB7B /* TreinoIniciadoVC.xib in Resources */,
				797E9CB127E7799F00D1EB7B /* SairDoTreinoVC.xib in Resources */,
			);
			runOnlyForDeploymentPostprocessing = 0;
		};
/* End PBXResourcesBuildPhase section */

/* Begin PBXSourcesBuildPhase section */
		3126833227C15ECA003F017B /* Sources */ = {
			isa = PBXSourcesBuildPhase;
			buildActionMask = 2147483647;
			files = (
				797E9CAB27E7799F00D1EB7B /* TreinoCustomCell.swift in Sources */,
				3126833E27C15ECA003F017B /* ViewController.swift in Sources */,
				797E9CB427E7799F00D1EB7B /* TreinoUmController.swift in Sources */,
				797E9CB627E7799F00D1EB7B /* TreinoPausadoVC.swift in Sources */,
				797E9CAC27E7799F00D1EB7B /* TreinoListagemController.swift in Sources */,
				797E9CB227E7799F00D1EB7B /* SairDoTreinoVC.swift in Sources */,
				3126833A27C15ECA003F017B /* AppDelegate.swift in Sources */,
				797E9CB027E7799F00D1EB7B /* TreinoIniciadoVC.swift in Sources */,
				797E9CA927E7799F00D1EB7B /* TreinoFinalizadoVC.swift in Sources */,
				3126833C27C15ECA003F017B /* SceneDelegate.swift in Sources */,
			);
			runOnlyForDeploymentPostprocessing = 0;
		};
/* End PBXSourcesBuildPhase section */

/* Begin PBXVariantGroup section */
		3126834427C15ECB003F017B /* LaunchScreen.storyboard */ = {
			isa = PBXVariantGroup;
			children = (
				3126834527C15ECB003F017B /* Base */,
			);
			name = LaunchScreen.storyboard;
			sourceTree = "<group>";
		};
/* End PBXVariantGroup section */

/* Begin XCBuildConfiguration section */
		3126834827C15ECB003F017B /* Debug */ = {
			isa = XCBuildConfiguration;
			buildSettings = {
				ALWAYS_SEARCH_USER_PATHS = NO;
				CLANG_ANALYZER_NONNULL = YES;
				CLANG_ANALYZER_NUMBER_OBJECT_CONVERSION = YES_AGGRESSIVE;
				CLANG_CXX_LANGUAGE_STANDARD = "gnu++17";
				CLANG_CXX_LIBRARY = "libc++";
				CLANG_ENABLE_MODULES = YES;
				CLANG_ENABLE_OBJC_ARC = YES;
				CLANG_ENABLE_OBJC_WEAK = YES;
				CLANG_WARN_BLOCK_CAPTURE_AUTORELEASING = YES;
				CLANG_WARN_BOOL_CONVERSION = YES;
				CLANG_WARN_COMMA = YES;
				CLANG_WARN_CONSTANT_CONVERSION = YES;
				CLANG_WARN_DEPRECATED_OBJC_IMPLEMENTATIONS = YES;
				CLANG_WARN_DIRECT_OBJC_ISA_USAGE = YES_ERROR;
				CLANG_WARN_DOCUMENTATION_COMMENTS = YES;
				CLANG_WARN_EMPTY_BODY = YES;
				CLANG_WARN_ENUM_CONVERSION = YES;
				CLANG_WARN_INFINITE_RECURSION = YES;
				CLANG_WARN_INT_CONVERSION = YES;
				CLANG_WARN_NON_LITERAL_NULL_CONVERSION = YES;
				CLANG_WARN_OBJC_IMPLICIT_RETAIN_SELF = YES;
				CLANG_WARN_OBJC_LITERAL_CONVERSION = YES;
				CLANG_WARN_OBJC_ROOT_CLASS = YES_ERROR;
				CLANG_WARN_QUOTED_INCLUDE_IN_FRAMEWORK_HEADER = YES;
				CLANG_WARN_RANGE_LOOP_ANALYSIS = YES;
				CLANG_WARN_STRICT_PROTOTYPES = YES;
				CLANG_WARN_SUSPICIOUS_MOVE = YES;
				CLANG_WARN_UNGUARDED_AVAILABILITY = YES_AGGRESSIVE;
				CLANG_WARN_UNREACHABLE_CODE = YES;
				CLANG_WARN__DUPLICATE_METHOD_MATCH = YES;
				COPY_PHASE_STRIP = NO;
				DEBUG_INFORMATION_FORMAT = dwarf;
				ENABLE_STRICT_OBJC_MSGSEND = YES;
				ENABLE_TESTABILITY = YES;
				GCC_C_LANGUAGE_STANDARD = gnu11;
				GCC_DYNAMIC_NO_PIC = NO;
				GCC_NO_COMMON_BLOCKS = YES;
				GCC_OPTIMIZATION_LEVEL = 0;
				GCC_PREPROCESSOR_DEFINITIONS = (
					"DEBUG=1",
					"$(inherited)",
				);
				GCC_WARN_64_TO_32_BIT_CONVERSION = YES;
				GCC_WARN_ABOUT_RETURN_TYPE = YES_ERROR;
				GCC_WARN_UNDECLARED_SELECTOR = YES;
				GCC_WARN_UNINITIALIZED_AUTOS = YES_AGGRESSIVE;
				GCC_WARN_UNUSED_FUNCTION = YES;
				GCC_WARN_UNUSED_VARIABLE = YES;
				IPHONEOS_DEPLOYMENT_TARGET = 15.2;
				MTL_ENABLE_DEBUG_INFO = INCLUDE_SOURCE;
				MTL_FAST_MATH = YES;
				ONLY_ACTIVE_ARCH = YES;
				SDKROOT = iphoneos;
				SWIFT_ACTIVE_COMPILATION_CONDITIONS = DEBUG;
				SWIFT_OPTIMIZATION_LEVEL = "-Onone";
			};
			name = Debug;
		};
		3126834927C15ECB003F017B /* Release */ = {
			isa = XCBuildConfiguration;
			buildSettings = {
				ALWAYS_SEARCH_USER_PATHS = NO;
				CLANG_ANALYZER_NONNULL = YES;
				CLANG_ANALYZER_NUMBER_OBJECT_CONVERSION = YES_AGGRESSIVE;
				CLANG_CXX_LANGUAGE_STANDARD = "gnu++17";
				CLANG_CXX_LIBRARY = "libc++";
				CLANG_ENABLE_MODULES = YES;
				CLANG_ENABLE_OBJC_ARC = YES;
				CLANG_ENABLE_OBJC_WEAK = YES;
				CLANG_WARN_BLOCK_CAPTURE_AUTORELEASING = YES;
				CLANG_WARN_BOOL_CONVERSION = YES;
				CLANG_WARN_COMMA = YES;
				CLANG_WARN_CONSTANT_CONVERSION = YES;
				CLANG_WARN_DEPRECATED_OBJC_IMPLEMENTATIONS = YES;
				CLANG_WARN_DIRECT_OBJC_ISA_USAGE = YES_ERROR;
				CLANG_WARN_DOCUMENTATION_COMMENTS = YES;
				CLANG_WARN_EMPTY_BODY = YES;
				CLANG_WARN_ENUM_CONVERSION = YES;
				CLANG_WARN_INFINITE_RECURSION = YES;
				CLANG_WARN_INT_CONVERSION = YES;
				CLANG_WARN_NON_LITERAL_NULL_CONVERSION = YES;
				CLANG_WARN_OBJC_IMPLICIT_RETAIN_SELF = YES;
				CLANG_WARN_OBJC_LITERAL_CONVERSION = YES;
				CLANG_WARN_OBJC_ROOT_CLASS = YES_ERROR;
				CLANG_WARN_QUOTED_INCLUDE_IN_FRAMEWORK_HEADER = YES;
				CLANG_WARN_RANGE_LOOP_ANALYSIS = YES;
				CLANG_WARN_STRICT_PROTOTYPES = YES;
				CLANG_WARN_SUSPICIOUS_MOVE = YES;
				CLANG_WARN_UNGUARDED_AVAILABILITY = YES_AGGRESSIVE;
				CLANG_WARN_UNREACHABLE_CODE = YES;
				CLANG_WARN__DUPLICATE_METHOD_MATCH = YES;
				COPY_PHASE_STRIP = NO;
				DEBUG_INFORMATION_FORMAT = "dwarf-with-dsym";
				ENABLE_NS_ASSERTIONS = NO;
				ENABLE_STRICT_OBJC_MSGSEND = YES;
				GCC_C_LANGUAGE_STANDARD = gnu11;
				GCC_NO_COMMON_BLOCKS = YES;
				GCC_WARN_64_TO_32_BIT_CONVERSION = YES;
				GCC_WARN_ABOUT_RETURN_TYPE = YES_ERROR;
				GCC_WARN_UNDECLARED_SELECTOR = YES;
				GCC_WARN_UNINITIALIZED_AUTOS = YES_AGGRESSIVE;
				GCC_WARN_UNUSED_FUNCTION = YES;
				GCC_WARN_UNUSED_VARIABLE = YES;
				IPHONEOS_DEPLOYMENT_TARGET = 15.2;
				MTL_ENABLE_DEBUG_INFO = NO;
				MTL_FAST_MATH = YES;
				SDKROOT = iphoneos;
				SWIFT_COMPILATION_MODE = wholemodule;
				SWIFT_OPTIMIZATION_LEVEL = "-O";
				VALIDATE_PRODUCT = YES;
			};
			name = Release;
		};
		3126834B27C15ECB003F017B /* Debug */ = {
			isa = XCBuildConfiguration;
			buildSettings = {
				ASSETCATALOG_COMPILER_APPICON_NAME = AppIcon;
				ASSETCATALOG_COMPILER_GLOBAL_ACCENT_COLOR_NAME = AccentColor;
				CODE_SIGN_STYLE = Automatic;
				CURRENT_PROJECT_VERSION = 1;
				DEVELOPMENT_TEAM = RVDHB2VBB6;
				GENERATE_INFOPLIST_FILE = YES;
				INFOPLIST_FILE = YogaZone/Info.plist;
				INFOPLIST_KEY_UIApplicationSupportsIndirectInputEvents = YES;
				INFOPLIST_KEY_UILaunchStoryboardName = LaunchScreen;
				INFOPLIST_KEY_UISupportedInterfaceOrientations_iPad = "UIInterfaceOrientationPortrait UIInterfaceOrientationPortraitUpsideDown UIInterfaceOrientationLandscapeLeft UIInterfaceOrientationLandscapeRight";
				INFOPLIST_KEY_UISupportedInterfaceOrientations_iPhone = "UIInterfaceOrientationPortrait UIInterfaceOrientationLandscapeLeft UIInterfaceOrientationLandscapeRight";
				LD_RUNPATH_SEARCH_PATHS = (
					"$(inherited)",
					"@executable_path/Frameworks",
				);
				MARKETING_VERSION = 1.0;
				PRODUCT_BUNDLE_IDENTIFIER = backfront.YogaZone;
				PRODUCT_NAME = "$(TARGET_NAME)";
				SWIFT_EMIT_LOC_STRINGS = YES;
				SWIFT_VERSION = 5.0;
				TARGETED_DEVICE_FAMILY = 1;
			};
			name = Debug;
		};
		3126834C27C15ECB003F017B /* Release */ = {
			isa = XCBuildConfiguration;
			buildSettings = {
				ASSETCATALOG_COMPILER_APPICON_NAME = AppIcon;
				ASSETCATALOG_COMPILER_GLOBAL_ACCENT_COLOR_NAME = AccentColor;
				CODE_SIGN_STYLE = Automatic;
				CURRENT_PROJECT_VERSION = 1;
				DEVELOPMENT_TEAM = RVDHB2VBB6;
				GENERATE_INFOPLIST_FILE = YES;
				INFOPLIST_FILE = YogaZone/Info.plist;
				INFOPLIST_KEY_UIApplicationSupportsIndirectInputEvents = YES;
				INFOPLIST_KEY_UILaunchStoryboardName = LaunchScreen;
				INFOPLIST_KEY_UISupportedInterfaceOrientations_iPad = "UIInterfaceOrientationPortrait UIInterfaceOrientationPortraitUpsideDown UIInterfaceOrientationLandscapeLeft UIInterfaceOrientationLandscapeRight";
				INFOPLIST_KEY_UISupportedInterfaceOrientations_iPhone = "UIInterfaceOrientationPortrait UIInterfaceOrientationLandscapeLeft UIInterfaceOrientationLandscapeRight";
				LD_RUNPATH_SEARCH_PATHS = (
					"$(inherited)",
					"@executable_path/Frameworks",
				);
				MARKETING_VERSION = 1.0;
				PRODUCT_BUNDLE_IDENTIFIER = backfront.YogaZone;
				PRODUCT_NAME = "$(TARGET_NAME)";
				SWIFT_EMIT_LOC_STRINGS = YES;
				SWIFT_VERSION = 5.0;
				TARGETED_DEVICE_FAMILY = 1;
			};
			name = Release;
		};
/* End XCBuildConfiguration section */

/* Begin XCConfigurationList section */
		3126833127C15ECA003F017B /* Build configuration list for PBXProject "YogaZone" */ = {
			isa = XCConfigurationList;
			buildConfigurations = (
				3126834827C15ECB003F017B /* Debug */,
				3126834927C15ECB003F017B /* Release */,
			);
			defaultConfigurationIsVisible = 0;
			defaultConfigurationName = Release;
		};
		3126834A27C15ECB003F017B /* Build configuration list for PBXNativeTarget "YogaZone" */ = {
			isa = XCConfigurationList;
			buildConfigurations = (
				3126834B27C15ECB003F017B /* Debug */,
				3126834C27C15ECB003F017B /* Release */,
			);
			defaultConfigurationIsVisible = 0;
			defaultConfigurationName = Release;
		};
/* End XCConfigurationList section */
	};
	rootObject = 3126832E27C15ECA003F017B /* Project object */;
}
