// !$*UTF8*$!
{
	archiveVersion = 1;
	classes = {
	};
	objectVersion = 55;
	objects = {

/* Begin PBXBuildFile section */
		2F0DA10227D5801600D5DC66 /* YogaPlayer.swift in Sources */ = {isa = PBXBuildFile; fileRef = 2F0DA10127D5801600D5DC66 /* YogaPlayer.swift */; };
		2F0DA10527D5A76E00D5DC66 /* AudioCell.swift in Sources */ = {isa = PBXBuildFile; fileRef = 2F0DA10327D5A76E00D5DC66 /* AudioCell.swift */; };
		2F0DA10627D5A76E00D5DC66 /* AudioCell.xib in Resources */ = {isa = PBXBuildFile; fileRef = 2F0DA10427D5A76E00D5DC66 /* AudioCell.xib */; };
		2F255A0A27D3D5BE00178C43 /* MeditationAudioFile.swift in Sources */ = {isa = PBXBuildFile; fileRef = 2F255A0927D3D5BE00178C43 /* MeditationAudioFile.swift */; };
		2F79E07E27D9411A0070397F /* MeditationData.swift in Sources */ = {isa = PBXBuildFile; fileRef = 2F79E07D27D9411A0070397F /* MeditationData.swift */; };
		2F79E08127D94C120070397F /* YogaParser.swift in Sources */ = {isa = PBXBuildFile; fileRef = 2F79E08027D94C120070397F /* YogaParser.swift */; };
		2F79E08927D954790070397F /* pad-Ab.mp3 in Resources */ = {isa = PBXBuildFile; fileRef = 2F79E08227D954760070397F /* pad-Ab.mp3 */; };
		2F79E08A27D954790070397F /* pad-Eb.mp3 in Resources */ = {isa = PBXBuildFile; fileRef = 2F79E08327D954770070397F /* pad-Eb.mp3 */; };
		2F79E08B27D954790070397F /* pad-E.mp3 in Resources */ = {isa = PBXBuildFile; fileRef = 2F79E08427D954770070397F /* pad-E.mp3 */; };
		2F79E08C27D954790070397F /* pad-D.mp3 in Resources */ = {isa = PBXBuildFile; fileRef = 2F79E08527D954770070397F /* pad-D.mp3 */; };
		2F79E08D27D954790070397F /* pad-C.mp3 in Resources */ = {isa = PBXBuildFile; fileRef = 2F79E08627D954780070397F /* pad-C.mp3 */; };
		2F79E08E27D954790070397F /* pad-Gb.mp3 in Resources */ = {isa = PBXBuildFile; fileRef = 2F79E08727D954780070397F /* pad-Gb.mp3 */; };
		2F79E08F27D954790070397F /* pad-A.mp3 in Resources */ = {isa = PBXBuildFile; fileRef = 2F79E08827D954790070397F /* pad-A.mp3 */; };
		2F9C140D27D3AC1A0077C427 /* IntroViewController.swift in Sources */ = {isa = PBXBuildFile; fileRef = 2F9C140B27D3AC1A0077C427 /* IntroViewController.swift */; };
		2F9C140E27D3AC1A0077C427 /* IntroViewController.xib in Resources */ = {isa = PBXBuildFile; fileRef = 2F9C140C27D3AC1A0077C427 /* IntroViewController.xib */; };
		2F9C141127D3AC290077C427 /* HomeViewController.swift in Sources */ = {isa = PBXBuildFile; fileRef = 2F9C140F27D3AC290077C427 /* HomeViewController.swift */; };
		2F9C141227D3AC290077C427 /* HomeViewController.xib in Resources */ = {isa = PBXBuildFile; fileRef = 2F9C141027D3AC290077C427 /* HomeViewController.xib */; };
		2F9C141527D3AC400077C427 /* PracticeViewController.swift in Sources */ = {isa = PBXBuildFile; fileRef = 2F9C141327D3AC400077C427 /* PracticeViewController.swift */; };
		2F9C141627D3AC400077C427 /* PracticeViewController.xib in Resources */ = {isa = PBXBuildFile; fileRef = 2F9C141427D3AC400077C427 /* PracticeViewController.xib */; };
		2F9C142327D3B70A0077C427 /* Montserrat-Bold.ttf in Resources */ = {isa = PBXBuildFile; fileRef = 2F9C142127D3B53B0077C427 /* Montserrat-Bold.ttf */; };
		2F9C142427D3B70A0077C427 /* Montserrat-Light.ttf in Resources */ = {isa = PBXBuildFile; fileRef = 2F9C142227D3B53B0077C427 /* Montserrat-Light.ttf */; };
		2F9C142527D3B70A0077C427 /* Montserrat-Medium.ttf in Resources */ = {isa = PBXBuildFile; fileRef = 2F9C141E27D3B53B0077C427 /* Montserrat-Medium.ttf */; };
		2F9C142627D3B70A0077C427 /* Montserrat-Regular.ttf in Resources */ = {isa = PBXBuildFile; fileRef = 2F9C141F27D3B53B0077C427 /* Montserrat-Regular.ttf */; };
		2F9C142727D3B70A0077C427 /* Montserrat-SemiBold.ttf in Resources */ = {isa = PBXBuildFile; fileRef = 2F9C142027D3B53B0077C427 /* Montserrat-SemiBold.ttf */; };
		2F9C142827D3B70A0077C427 /* Comfortaa-Bold.ttf in Resources */ = {isa = PBXBuildFile; fileRef = 2F9C141927D3B4FC0077C427 /* Comfortaa-Bold.ttf */; };
		2F9C142927D3B70A0077C427 /* Comfortaa-Light.ttf in Resources */ = {isa = PBXBuildFile; fileRef = 2F9C141B27D3B4FC0077C427 /* Comfortaa-Light.ttf */; };
		2F9C142A27D3B70A0077C427 /* Comfortaa-Medium.ttf in Resources */ = {isa = PBXBuildFile; fileRef = 2F9C141A27D3B4FC0077C427 /* Comfortaa-Medium.ttf */; };
		2F9C142B27D3B70A0077C427 /* Comfortaa-Regular.ttf in Resources */ = {isa = PBXBuildFile; fileRef = 2F9C141C27D3B4FC0077C427 /* Comfortaa-Regular.ttf */; };
		2F9C142C27D3B70A0077C427 /* Comfortaa-SemiBold.ttf in Resources */ = {isa = PBXBuildFile; fileRef = 2F9C141D27D3B4FC0077C427 /* Comfortaa-SemiBold.ttf */; };
		2FDE717D27D821C3004FA62C /* pad-B.mp3 in Resources */ = {isa = PBXBuildFile; fileRef = 2FDE717C27D821C3004FA62C /* pad-B.mp3 */; };
		3126833A27C15ECA003F017B /* AppDelegate.swift in Sources */ = {isa = PBXBuildFile; fileRef = 3126833927C15ECA003F017B /* AppDelegate.swift */; };
		3126833C27C15ECA003F017B /* SceneDelegate.swift in Sources */ = {isa = PBXBuildFile; fileRef = 3126833B27C15ECA003F017B /* SceneDelegate.swift */; };
		3126833E27C15ECA003F017B /* ViewController.swift in Sources */ = {isa = PBXBuildFile; fileRef = 3126833D27C15ECA003F017B /* ViewController.swift */; };
		3126834327C15ECB003F017B /* Assets.xcassets in Resources */ = {isa = PBXBuildFile; fileRef = 3126834227C15ECB003F017B /* Assets.xcassets */; };
		3126834627C15ECB003F017B /* LaunchScreen.storyboard in Resources */ = {isa = PBXBuildFile; fileRef = 3126834427C15ECB003F017B /* LaunchScreen.storyboard */; };
/* End PBXBuildFile section */

/* Begin PBXFileReference section */
		2F0DA10127D5801600D5DC66 /* YogaPlayer.swift */ = {isa = PBXFileReference; lastKnownFileType = sourcecode.swift; path = YogaPlayer.swift; sourceTree = "<group>"; };
		2F0DA10327D5A76E00D5DC66 /* AudioCell.swift */ = {isa = PBXFileReference; lastKnownFileType = sourcecode.swift; path = AudioCell.swift; sourceTree = "<group>"; };
		2F0DA10427D5A76E00D5DC66 /* AudioCell.xib */ = {isa = PBXFileReference; lastKnownFileType = file.xib; path = AudioCell.xib; sourceTree = "<group>"; };
		2F255A0927D3D5BE00178C43 /* MeditationAudioFile.swift */ = {isa = PBXFileReference; lastKnownFileType = sourcecode.swift; path = MeditationAudioFile.swift; sourceTree = "<group>"; };
		2F79E07D27D9411A0070397F /* MeditationData.swift */ = {isa = PBXFileReference; lastKnownFileType = sourcecode.swift; path = MeditationData.swift; sourceTree = "<group>"; };
		2F79E08027D94C120070397F /* YogaParser.swift */ = {isa = PBXFileReference; lastKnownFileType = sourcecode.swift; path = YogaParser.swift; sourceTree = "<group>"; };
		2F79E08227D954760070397F /* pad-Ab.mp3 */ = {isa = PBXFileReference; lastKnownFileType = audio.mp3; path = "pad-Ab.mp3"; sourceTree = "<group>"; };
		2F79E08327D954770070397F /* pad-Eb.mp3 */ = {isa = PBXFileReference; lastKnownFileType = audio.mp3; path = "pad-Eb.mp3"; sourceTree = "<group>"; };
		2F79E08427D954770070397F /* pad-E.mp3 */ = {isa = PBXFileReference; lastKnownFileType = audio.mp3; path = "pad-E.mp3"; sourceTree = "<group>"; };
		2F79E08527D954770070397F /* pad-D.mp3 */ = {isa = PBXFileReference; lastKnownFileType = audio.mp3; path = "pad-D.mp3"; sourceTree = "<group>"; };
		2F79E08627D954780070397F /* pad-C.mp3 */ = {isa = PBXFileReference; lastKnownFileType = audio.mp3; path = "pad-C.mp3"; sourceTree = "<group>"; };
		2F79E08727D954780070397F /* pad-Gb.mp3 */ = {isa = PBXFileReference; lastKnownFileType = audio.mp3; path = "pad-Gb.mp3"; sourceTree = "<group>"; };
		2F79E08827D954790070397F /* pad-A.mp3 */ = {isa = PBXFileReference; lastKnownFileType = audio.mp3; path = "pad-A.mp3"; sourceTree = "<group>"; };
		2F9C140B27D3AC1A0077C427 /* IntroViewController.swift */ = {isa = PBXFileReference; lastKnownFileType = sourcecode.swift; path = IntroViewController.swift; sourceTree = "<group>"; };
		2F9C140C27D3AC1A0077C427 /* IntroViewController.xib */ = {isa = PBXFileReference; lastKnownFileType = file.xib; path = IntroViewController.xib; sourceTree = "<group>"; };
		2F9C140F27D3AC290077C427 /* HomeViewController.swift */ = {isa = PBXFileReference; lastKnownFileType = sourcecode.swift; path = HomeViewController.swift; sourceTree = "<group>"; };
		2F9C141027D3AC290077C427 /* HomeViewController.xib */ = {isa = PBXFileReference; lastKnownFileType = file.xib; path = HomeViewController.xib; sourceTree = "<group>"; };
		2F9C141327D3AC400077C427 /* PracticeViewController.swift */ = {isa = PBXFileReference; lastKnownFileType = sourcecode.swift; path = PracticeViewController.swift; sourceTree = "<group>"; };
		2F9C141427D3AC400077C427 /* PracticeViewController.xib */ = {isa = PBXFileReference; lastKnownFileType = file.xib; path = PracticeViewController.xib; sourceTree = "<group>"; };
		2F9C141927D3B4FC0077C427 /* Comfortaa-Bold.ttf */ = {isa = PBXFileReference; lastKnownFileType = file; path = "Comfortaa-Bold.ttf"; sourceTree = "<group>"; };
		2F9C141A27D3B4FC0077C427 /* Comfortaa-Medium.ttf */ = {isa = PBXFileReference; lastKnownFileType = file; path = "Comfortaa-Medium.ttf"; sourceTree = "<group>"; };
		2F9C141B27D3B4FC0077C427 /* Comfortaa-Light.ttf */ = {isa = PBXFileReference; lastKnownFileType = file; path = "Comfortaa-Light.ttf"; sourceTree = "<group>"; };
		2F9C141C27D3B4FC0077C427 /* Comfortaa-Regular.ttf */ = {isa = PBXFileReference; lastKnownFileType = file; path = "Comfortaa-Regular.ttf"; sourceTree = "<group>"; };
		2F9C141D27D3B4FC0077C427 /* Comfortaa-SemiBold.ttf */ = {isa = PBXFileReference; lastKnownFileType = file; path = "Comfortaa-SemiBold.ttf"; sourceTree = "<group>"; };
		2F9C141E27D3B53B0077C427 /* Montserrat-Medium.ttf */ = {isa = PBXFileReference; lastKnownFileType = file; path = "Montserrat-Medium.ttf"; sourceTree = "<group>"; };
		2F9C141F27D3B53B0077C427 /* Montserrat-Regular.ttf */ = {isa = PBXFileReference; lastKnownFileType = file; path = "Montserrat-Regular.ttf"; sourceTree = "<group>"; };
		2F9C142027D3B53B0077C427 /* Montserrat-SemiBold.ttf */ = {isa = PBXFileReference; lastKnownFileType = file; path = "Montserrat-SemiBold.ttf"; sourceTree = "<group>"; };
		2F9C142127D3B53B0077C427 /* Montserrat-Bold.ttf */ = {isa = PBXFileReference; lastKnownFileType = file; path = "Montserrat-Bold.ttf"; sourceTree = "<group>"; };
		2F9C142227D3B53B0077C427 /* Montserrat-Light.ttf */ = {isa = PBXFileReference; lastKnownFileType = file; path = "Montserrat-Light.ttf"; sourceTree = "<group>"; };
		2FDE717C27D821C3004FA62C /* pad-B.mp3 */ = {isa = PBXFileReference; lastKnownFileType = audio.mp3; path = "pad-B.mp3"; sourceTree = "<group>"; };
		3126833627C15ECA003F017B /* YogaZone.app */ = {isa = PBXFileReference; explicitFileType = wrapper.application; includeInIndex = 0; path = YogaZone.app; sourceTree = BUILT_PRODUCTS_DIR; };
		3126833927C15ECA003F017B /* AppDelegate.swift */ = {isa = PBXFileReference; lastKnownFileType = sourcecode.swift; path = AppDelegate.swift; sourceTree = "<group>"; };
		3126833B27C15ECA003F017B /* SceneDelegate.swift */ = {isa = PBXFileReference; lastKnownFileType = sourcecode.swift; path = SceneDelegate.swift; sourceTree = "<group>"; };
		3126833D27C15ECA003F017B /* ViewController.swift */ = {isa = PBXFileReference; lastKnownFileType = sourcecode.swift; path = ViewController.swift; sourceTree = "<group>"; };
		3126834227C15ECB003F017B /* Assets.xcassets */ = {isa = PBXFileReference; lastKnownFileType = folder.assetcatalog; path = Assets.xcassets; sourceTree = "<group>"; };
		3126834527C15ECB003F017B /* Base */ = {isa = PBXFileReference; lastKnownFileType = file.storyboard; name = Base; path = Base.lproj/LaunchScreen.storyboard; sourceTree = "<group>"; };
		3126834727C15ECB003F017B /* Info.plist */ = {isa = PBXFileReference; lastKnownFileType = text.plist.xml; path = Info.plist; sourceTree = "<group>"; };
/* End PBXFileReference section */

/* Begin PBXFrameworksBuildPhase section */
		3126833327C15ECA003F017B /* Frameworks */ = {
			isa = PBXFrameworksBuildPhase;
			buildActionMask = 2147483647;
			files = (
			);
			runOnlyForDeploymentPostprocessing = 0;
		};
/* End PBXFrameworksBuildPhase section */

/* Begin PBXGroup section */
		2F0DA10027D57FF300D5DC66 /* SoundBank */ = {
			isa = PBXGroup;
			children = (
			);
			path = SoundBank;
			sourceTree = "<group>";
		};
		2F79E07C27D940290070397F /* Mocks */ = {
			isa = PBXGroup;
			children = (
				2F79E07D27D9411A0070397F /* MeditationData.swift */,
			);
			path = Mocks;
			sourceTree = "<group>";
		};
		2F79E07F27D94C000070397F /* Utils */ = {
			isa = PBXGroup;
			children = (
				2F79E08027D94C120070397F /* YogaParser.swift */,
			);
			path = Utils;
			sourceTree = "<group>";
		};
		2F9C141727D3B14B0077C427 /* Assets */ = {
			isa = PBXGroup;
			children = (
				2FDE717B27D821A9004FA62C /* SoundBank */,
				2F9C141827D3B1550077C427 /* Fonts */,
			);
			path = Assets;
			sourceTree = "<group>";
		};
		2F9C141827D3B1550077C427 /* Fonts */ = {
			isa = PBXGroup;
			children = (
				2F9C142127D3B53B0077C427 /* Montserrat-Bold.ttf */,
				2F9C142227D3B53B0077C427 /* Montserrat-Light.ttf */,
				2F9C141E27D3B53B0077C427 /* Montserrat-Medium.ttf */,
				2F9C141F27D3B53B0077C427 /* Montserrat-Regular.ttf */,
				2F9C142027D3B53B0077C427 /* Montserrat-SemiBold.ttf */,
				2F9C141927D3B4FC0077C427 /* Comfortaa-Bold.ttf */,
				2F9C141B27D3B4FC0077C427 /* Comfortaa-Light.ttf */,
				2F9C141A27D3B4FC0077C427 /* Comfortaa-Medium.ttf */,
				2F9C141C27D3B4FC0077C427 /* Comfortaa-Regular.ttf */,
				2F9C141D27D3B4FC0077C427 /* Comfortaa-SemiBold.ttf */,
			);
			path = Fonts;
			sourceTree = "<group>";
		};
		2F9C142D27D3C4A00077C427 /* Components */ = {
			isa = PBXGroup;
			children = (
				2F0DA10327D5A76E00D5DC66 /* AudioCell.swift */,
				2F0DA10427D5A76E00D5DC66 /* AudioCell.xib */,
			);
			path = Components;
			sourceTree = "<group>";
		};
		2F9C143327D3D5860077C427 /* Models */ = {
			isa = PBXGroup;
			children = (
				2F255A0927D3D5BE00178C43 /* MeditationAudioFile.swift */,
			);
			path = Models;
			sourceTree = "<group>";
		};
		2FD9380627C180CB002FA16A /* Meditacao */ = {
			isa = PBXGroup;
			children = (
				2F79E07C27D940290070397F /* Mocks */,
				2F9C143327D3D5860077C427 /* Models */,
				2FD9380927C1810D002FA16A /* Practice */,
				2FD9380827C18109002FA16A /* Home */,
				2FD9380727C18104002FA16A /* Intro */,
			);
			path = Meditacao;
			sourceTree = "<group>";
		};
		2FD9380727C18104002FA16A /* Intro */ = {
			isa = PBXGroup;
			children = (
				2F9C140B27D3AC1A0077C427 /* IntroViewController.swift */,
				2F9C140C27D3AC1A0077C427 /* IntroViewController.xib */,
			);
			path = Intro;
			sourceTree = "<group>";
		};
		2FD9380827C18109002FA16A /* Home */ = {
			isa = PBXGroup;
			children = (
				2F9C142D27D3C4A00077C427 /* Components */,
				2F9C140F27D3AC290077C427 /* HomeViewController.swift */,
				2F9C141027D3AC290077C427 /* HomeViewController.xib */,
			);
			path = Home;
			sourceTree = "<group>";
		};
		2FD9380927C1810D002FA16A /* Practice */ = {
			isa = PBXGroup;
			children = (
				2F0DA10027D57FF300D5DC66 /* SoundBank */,
				2F9C141327D3AC400077C427 /* PracticeViewController.swift */,
				2F9C141427D3AC400077C427 /* PracticeViewController.xib */,
				2F0DA10127D5801600D5DC66 /* YogaPlayer.swift */,
			);
			path = Practice;
			sourceTree = "<group>";
		};
		2FDE717B27D821A9004FA62C /* SoundBank */ = {
			isa = PBXGroup;
			children = (
				2F79E08827D954790070397F /* pad-A.mp3 */,
				2F79E08227D954760070397F /* pad-Ab.mp3 */,
				2F79E08627D954780070397F /* pad-C.mp3 */,
				2F79E08527D954770070397F /* pad-D.mp3 */,
				2F79E08427D954770070397F /* pad-E.mp3 */,
				2F79E08327D954770070397F /* pad-Eb.mp3 */,
				2F79E08727D954780070397F /* pad-Gb.mp3 */,
				2FDE717C27D821C3004FA62C /* pad-B.mp3 */,
			);
			path = SoundBank;
			sourceTree = "<group>";
		};
		3126832D27C15ECA003F017B = {
			isa = PBXGroup;
			children = (
				3126833827C15ECA003F017B /* YogaZone */,
				3126833727C15ECA003F017B /* Products */,
			);
			sourceTree = "<group>";
		};
		3126833727C15ECA003F017B /* Products */ = {
			isa = PBXGroup;
			children = (
				3126833627C15ECA003F017B /* YogaZone.app */,
			);
			name = Products;
			sourceTree = "<group>";
		};
		3126833827C15ECA003F017B /* YogaZone */ = {
			isa = PBXGroup;
			children = (
				2F79E07F27D94C000070397F /* Utils */,
				2F9C141727D3B14B0077C427 /* Assets */,
				2FD9380627C180CB002FA16A /* Meditacao */,
				3126833927C15ECA003F017B /* AppDelegate.swift */,
				3126833B27C15ECA003F017B /* SceneDelegate.swift */,
				3126833D27C15ECA003F017B /* ViewController.swift */,
				3126834227C15ECB003F017B /* Assets.xcassets */,
				3126834427C15ECB003F017B /* LaunchScreen.storyboard */,
				3126834727C15ECB003F017B /* Info.plist */,
			);
			path = YogaZone;
			sourceTree = "<group>";
		};
/* End PBXGroup section */

/* Begin PBXNativeTarget section */
		3126833527C15ECA003F017B /* YogaZone */ = {
			isa = PBXNativeTarget;
			buildConfigurationList = 3126834A27C15ECB003F017B /* Build configuration list for PBXNativeTarget "YogaZone" */;
			buildPhases = (
				3126833227C15ECA003F017B /* Sources */,
				3126833327C15ECA003F017B /* Frameworks */,
				3126833427C15ECA003F017B /* Resources */,
			);
			buildRules = (
			);
			dependencies = (
			);
			name = YogaZone;
			productName = YogaZone;
			productReference = 3126833627C15ECA003F017B /* YogaZone.app */;
			productType = "com.apple.product-type.application";
		};
/* End PBXNativeTarget section */

/* Begin PBXProject section */
		3126832E27C15ECA003F017B /* Project object */ = {
			isa = PBXProject;
			attributes = {
				BuildIndependentTargetsInParallel = 1;
				LastSwiftUpdateCheck = 1320;
				LastUpgradeCheck = 1320;
				TargetAttributes = {
					3126833527C15ECA003F017B = {
						CreatedOnToolsVersion = 13.2.1;
					};
				};
			};
			buildConfigurationList = 3126833127C15ECA003F017B /* Build configuration list for PBXProject "YogaZone" */;
			compatibilityVersion = "Xcode 13.0";
			developmentRegion = en;
			hasScannedForEncodings = 0;
			knownRegions = (
				en,
				Base,
			);
			mainGroup = 3126832D27C15ECA003F017B;
			productRefGroup = 3126833727C15ECA003F017B /* Products */;
			projectDirPath = "";
			projectRoot = "";
			targets = (
				3126833527C15ECA003F017B /* YogaZone */,
			);
		};
/* End PBXProject section */

/* Begin PBXResourcesBuildPhase section */
		3126833427C15ECA003F017B /* Resources */ = {
			isa = PBXResourcesBuildPhase;
			buildActionMask = 2147483647;
			files = (
				2F9C142327D3B70A0077C427 /* Montserrat-Bold.ttf in Resources */,
				2F9C142427D3B70A0077C427 /* Montserrat-Light.ttf in Resources */,
				2F79E08F27D954790070397F /* pad-A.mp3 in Resources */,
				2F79E08D27D954790070397F /* pad-C.mp3 in Resources */,
				2F9C142527D3B70A0077C427 /* Montserrat-Medium.ttf in Resources */,
				2F79E08927D954790070397F /* pad-Ab.mp3 in Resources */,
				2F0DA10627D5A76E00D5DC66 /* AudioCell.xib in Resources */,
				2F9C142627D3B70A0077C427 /* Montserrat-Regular.ttf in Resources */,
				2F79E08B27D954790070397F /* pad-E.mp3 in Resources */,
				2F9C142727D3B70A0077C427 /* Montserrat-SemiBold.ttf in Resources */,
				2F9C142827D3B70A0077C427 /* Comfortaa-Bold.ttf in Resources */,
				2F79E08E27D954790070397F /* pad-Gb.mp3 in Resources */,
				2FDE717D27D821C3004FA62C /* pad-B.mp3 in Resources */,
				2F9C142927D3B70A0077C427 /* Comfortaa-Light.ttf in Resources */,
				2F9C142A27D3B70A0077C427 /* Comfortaa-Medium.ttf in Resources */,
				2F9C142B27D3B70A0077C427 /* Comfortaa-Regular.ttf in Resources */,
				2F79E08A27D954790070397F /* pad-Eb.mp3 in Resources */,
				2F79E08C27D954790070397F /* pad-D.mp3 in Resources */,
				2F9C142C27D3B70A0077C427 /* Comfortaa-SemiBold.ttf in Resources */,
				3126834627C15ECB003F017B /* LaunchScreen.storyboard in Resources */,
				3126834327C15ECB003F017B /* Assets.xcassets in Resources */,
				2F9C141627D3AC400077C427 /* PracticeViewController.xib in Resources */,
				2F9C141227D3AC290077C427 /* HomeViewController.xib in Resources */,
				2F9C140E27D3AC1A0077C427 /* IntroViewController.xib in Resources */,
			);
			runOnlyForDeploymentPostprocessing = 0;
		};
/* End PBXResourcesBuildPhase section */

/* Begin PBXSourcesBuildPhase section */
		3126833227C15ECA003F017B /* Sources */ = {
			isa = PBXSourcesBuildPhase;
			buildActionMask = 2147483647;
			files = (
				3126833E27C15ECA003F017B /* ViewController.swift in Sources */,
				3126833A27C15ECA003F017B /* AppDelegate.swift in Sources */,
				2F9C140D27D3AC1A0077C427 /* IntroViewController.swift in Sources */,
				2F0DA10227D5801600D5DC66 /* YogaPlayer.swift in Sources */,
				2F255A0A27D3D5BE00178C43 /* MeditationAudioFile.swift in Sources */,
				2F9C141127D3AC290077C427 /* HomeViewController.swift in Sources */,
				2F9C141527D3AC400077C427 /* PracticeViewController.swift in Sources */,
				2F0DA10527D5A76E00D5DC66 /* AudioCell.swift in Sources */,
				3126833C27C15ECA003F017B /* SceneDelegate.swift in Sources */,
				2F79E07E27D9411A0070397F /* MeditationData.swift in Sources */,
				2F79E08127D94C120070397F /* YogaParser.swift in Sources */,
			);
			runOnlyForDeploymentPostprocessing = 0;
		};
/* End PBXSourcesBuildPhase section */

/* Begin PBXVariantGroup section */
		3126834427C15ECB003F017B /* LaunchScreen.storyboard */ = {
			isa = PBXVariantGroup;
			children = (
				3126834527C15ECB003F017B /* Base */,
			);
			name = LaunchScreen.storyboard;
			sourceTree = "<group>";
		};
/* End PBXVariantGroup section */

/* Begin XCBuildConfiguration section */
		3126834827C15ECB003F017B /* Debug */ = {
			isa = XCBuildConfiguration;
			buildSettings = {
				ALWAYS_SEARCH_USER_PATHS = NO;
				CLANG_ANALYZER_NONNULL = YES;
				CLANG_ANALYZER_NUMBER_OBJECT_CONVERSION = YES_AGGRESSIVE;
				CLANG_CXX_LANGUAGE_STANDARD = "gnu++17";
				CLANG_CXX_LIBRARY = "libc++";
				CLANG_ENABLE_MODULES = YES;
				CLANG_ENABLE_OBJC_ARC = YES;
				CLANG_ENABLE_OBJC_WEAK = YES;
				CLANG_WARN_BLOCK_CAPTURE_AUTORELEASING = YES;
				CLANG_WARN_BOOL_CONVERSION = YES;
				CLANG_WARN_COMMA = YES;
				CLANG_WARN_CONSTANT_CONVERSION = YES;
				CLANG_WARN_DEPRECATED_OBJC_IMPLEMENTATIONS = YES;
				CLANG_WARN_DIRECT_OBJC_ISA_USAGE = YES_ERROR;
				CLANG_WARN_DOCUMENTATION_COMMENTS = YES;
				CLANG_WARN_EMPTY_BODY = YES;
				CLANG_WARN_ENUM_CONVERSION = YES;
				CLANG_WARN_INFINITE_RECURSION = YES;
				CLANG_WARN_INT_CONVERSION = YES;
				CLANG_WARN_NON_LITERAL_NULL_CONVERSION = YES;
				CLANG_WARN_OBJC_IMPLICIT_RETAIN_SELF = YES;
				CLANG_WARN_OBJC_LITERAL_CONVERSION = YES;
				CLANG_WARN_OBJC_ROOT_CLASS = YES_ERROR;
				CLANG_WARN_QUOTED_INCLUDE_IN_FRAMEWORK_HEADER = YES;
				CLANG_WARN_RANGE_LOOP_ANALYSIS = YES;
				CLANG_WARN_STRICT_PROTOTYPES = YES;
				CLANG_WARN_SUSPICIOUS_MOVE = YES;
				CLANG_WARN_UNGUARDED_AVAILABILITY = YES_AGGRESSIVE;
				CLANG_WARN_UNREACHABLE_CODE = YES;
				CLANG_WARN__DUPLICATE_METHOD_MATCH = YES;
				COPY_PHASE_STRIP = NO;
				DEBUG_INFORMATION_FORMAT = dwarf;
				ENABLE_STRICT_OBJC_MSGSEND = YES;
				ENABLE_TESTABILITY = YES;
				GCC_C_LANGUAGE_STANDARD = gnu11;
				GCC_DYNAMIC_NO_PIC = NO;
				GCC_NO_COMMON_BLOCKS = YES;
				GCC_OPTIMIZATION_LEVEL = 0;
				GCC_PREPROCESSOR_DEFINITIONS = (
					"DEBUG=1",
					"$(inherited)",
				);
				GCC_WARN_64_TO_32_BIT_CONVERSION = YES;
				GCC_WARN_ABOUT_RETURN_TYPE = YES_ERROR;
				GCC_WARN_UNDECLARED_SELECTOR = YES;
				GCC_WARN_UNINITIALIZED_AUTOS = YES_AGGRESSIVE;
				GCC_WARN_UNUSED_FUNCTION = YES;
				GCC_WARN_UNUSED_VARIABLE = YES;
				IPHONEOS_DEPLOYMENT_TARGET = 15.2;
				MTL_ENABLE_DEBUG_INFO = INCLUDE_SOURCE;
				MTL_FAST_MATH = YES;
				ONLY_ACTIVE_ARCH = YES;
				SDKROOT = iphoneos;
				SWIFT_ACTIVE_COMPILATION_CONDITIONS = DEBUG;
				SWIFT_OPTIMIZATION_LEVEL = "-Onone";
			};
			name = Debug;
		};
		3126834927C15ECB003F017B /* Release */ = {
			isa = XCBuildConfiguration;
			buildSettings = {
				ALWAYS_SEARCH_USER_PATHS = NO;
				CLANG_ANALYZER_NONNULL = YES;
				CLANG_ANALYZER_NUMBER_OBJECT_CONVERSION = YES_AGGRESSIVE;
				CLANG_CXX_LANGUAGE_STANDARD = "gnu++17";
				CLANG_CXX_LIBRARY = "libc++";
				CLANG_ENABLE_MODULES = YES;
				CLANG_ENABLE_OBJC_ARC = YES;
				CLANG_ENABLE_OBJC_WEAK = YES;
				CLANG_WARN_BLOCK_CAPTURE_AUTORELEASING = YES;
				CLANG_WARN_BOOL_CONVERSION = YES;
				CLANG_WARN_COMMA = YES;
				CLANG_WARN_CONSTANT_CONVERSION = YES;
				CLANG_WARN_DEPRECATED_OBJC_IMPLEMENTATIONS = YES;
				CLANG_WARN_DIRECT_OBJC_ISA_USAGE = YES_ERROR;
				CLANG_WARN_DOCUMENTATION_COMMENTS = YES;
				CLANG_WARN_EMPTY_BODY = YES;
				CLANG_WARN_ENUM_CONVERSION = YES;
				CLANG_WARN_INFINITE_RECURSION = YES;
				CLANG_WARN_INT_CONVERSION = YES;
				CLANG_WARN_NON_LITERAL_NULL_CONVERSION = YES;
				CLANG_WARN_OBJC_IMPLICIT_RETAIN_SELF = YES;
				CLANG_WARN_OBJC_LITERAL_CONVERSION = YES;
				CLANG_WARN_OBJC_ROOT_CLASS = YES_ERROR;
				CLANG_WARN_QUOTED_INCLUDE_IN_FRAMEWORK_HEADER = YES;
				CLANG_WARN_RANGE_LOOP_ANALYSIS = YES;
				CLANG_WARN_STRICT_PROTOTYPES = YES;
				CLANG_WARN_SUSPICIOUS_MOVE = YES;
				CLANG_WARN_UNGUARDED_AVAILABILITY = YES_AGGRESSIVE;
				CLANG_WARN_UNREACHABLE_CODE = YES;
				CLANG_WARN__DUPLICATE_METHOD_MATCH = YES;
				COPY_PHASE_STRIP = NO;
				DEBUG_INFORMATION_FORMAT = "dwarf-with-dsym";
				ENABLE_NS_ASSERTIONS = NO;
				ENABLE_STRICT_OBJC_MSGSEND = YES;
				GCC_C_LANGUAGE_STANDARD = gnu11;
				GCC_NO_COMMON_BLOCKS = YES;
				GCC_WARN_64_TO_32_BIT_CONVERSION = YES;
				GCC_WARN_ABOUT_RETURN_TYPE = YES_ERROR;
				GCC_WARN_UNDECLARED_SELECTOR = YES;
				GCC_WARN_UNINITIALIZED_AUTOS = YES_AGGRESSIVE;
				GCC_WARN_UNUSED_FUNCTION = YES;
				GCC_WARN_UNUSED_VARIABLE = YES;
				IPHONEOS_DEPLOYMENT_TARGET = 15.2;
				MTL_ENABLE_DEBUG_INFO = NO;
				MTL_FAST_MATH = YES;
				SDKROOT = iphoneos;
				SWIFT_COMPILATION_MODE = wholemodule;
				SWIFT_OPTIMIZATION_LEVEL = "-O";
				VALIDATE_PRODUCT = YES;
			};
			name = Release;
		};
		3126834B27C15ECB003F017B /* Debug */ = {
			isa = XCBuildConfiguration;
			buildSettings = {
				ASSETCATALOG_COMPILER_APPICON_NAME = AppIcon;
				ASSETCATALOG_COMPILER_GLOBAL_ACCENT_COLOR_NAME = AccentColor;
				CODE_SIGN_STYLE = Automatic;
				CURRENT_PROJECT_VERSION = 1;
				DEVELOPMENT_TEAM = NXNZY6B6S6;
				GENERATE_INFOPLIST_FILE = YES;
				INFOPLIST_FILE = YogaZone/Info.plist;
				INFOPLIST_KEY_UIApplicationSupportsIndirectInputEvents = YES;
				INFOPLIST_KEY_UILaunchStoryboardName = LaunchScreen;
				INFOPLIST_KEY_UISupportedInterfaceOrientations_iPad = "UIInterfaceOrientationPortrait UIInterfaceOrientationPortraitUpsideDown UIInterfaceOrientationLandscapeLeft UIInterfaceOrientationLandscapeRight";
				INFOPLIST_KEY_UISupportedInterfaceOrientations_iPhone = "UIInterfaceOrientationPortrait UIInterfaceOrientationLandscapeLeft UIInterfaceOrientationLandscapeRight";
				LD_RUNPATH_SEARCH_PATHS = (
					"$(inherited)",
					"@executable_path/Frameworks",
				);
				MARKETING_VERSION = 1.0;
				PRODUCT_BUNDLE_IDENTIFIER = YogaZone;
				PRODUCT_NAME = "$(TARGET_NAME)";
				SWIFT_EMIT_LOC_STRINGS = YES;
				SWIFT_VERSION = 5.0;
				TARGETED_DEVICE_FAMILY = 1;
			};
			name = Debug;
		};
		3126834C27C15ECB003F017B /* Release */ = {
			isa = XCBuildConfiguration;
			buildSettings = {
				ASSETCATALOG_COMPILER_APPICON_NAME = AppIcon;
				ASSETCATALOG_COMPILER_GLOBAL_ACCENT_COLOR_NAME = AccentColor;
				CODE_SIGN_STYLE = Automatic;
				CURRENT_PROJECT_VERSION = 1;
				DEVELOPMENT_TEAM = NXNZY6B6S6;
				GENERATE_INFOPLIST_FILE = YES;
				INFOPLIST_FILE = YogaZone/Info.plist;
				INFOPLIST_KEY_UIApplicationSupportsIndirectInputEvents = YES;
				INFOPLIST_KEY_UILaunchStoryboardName = LaunchScreen;
				INFOPLIST_KEY_UISupportedInterfaceOrientations_iPad = "UIInterfaceOrientationPortrait UIInterfaceOrientationPortraitUpsideDown UIInterfaceOrientationLandscapeLeft UIInterfaceOrientationLandscapeRight";
				INFOPLIST_KEY_UISupportedInterfaceOrientations_iPhone = "UIInterfaceOrientationPortrait UIInterfaceOrientationLandscapeLeft UIInterfaceOrientationLandscapeRight";
				LD_RUNPATH_SEARCH_PATHS = (
					"$(inherited)",
					"@executable_path/Frameworks",
				);
				MARKETING_VERSION = 1.0;
				PRODUCT_BUNDLE_IDENTIFIER = YogaZone;
				PRODUCT_NAME = "$(TARGET_NAME)";
				SWIFT_EMIT_LOC_STRINGS = YES;
				SWIFT_VERSION = 5.0;
				TARGETED_DEVICE_FAMILY = 1;
			};
			name = Release;
		};
/* End XCBuildConfiguration section */

/* Begin XCConfigurationList section */
		3126833127C15ECA003F017B /* Build configuration list for PBXProject "YogaZone" */ = {
			isa = XCConfigurationList;
			buildConfigurations = (
				3126834827C15ECB003F017B /* Debug */,
				3126834927C15ECB003F017B /* Release */,
			);
			defaultConfigurationIsVisible = 0;
			defaultConfigurationName = Release;
		};
		3126834A27C15ECB003F017B /* Build configuration list for PBXNativeTarget "YogaZone" */ = {
			isa = XCConfigurationList;
			buildConfigurations = (
				3126834B27C15ECB003F017B /* Debug */,
				3126834C27C15ECB003F017B /* Release */,
			);
			defaultConfigurationIsVisible = 0;
			defaultConfigurationName = Release;
		};
/* End XCConfigurationList section */
	};
	rootObject = 3126832E27C15ECA003F017B /* Project object */;
}
